
Microsoft Visual Studio Solution File, Format Version 12.00
# Visual Studio Version 17
VisualStudioVersion = 17.11.35327.3
MinimumVisualStudioVersion = 10.0.40219.1
Project("{2150E333-8FDC-42A3-9474-1A3956D46DE8}") = "src", "src", "{E64E1DD0-3BF7-48BE-82A8-85C9E8B3DE33}"
EndProject
Project("{2150E333-8FDC-42A3-9474-1A3956D46DE8}") = "tests", "tests", "{F465757F-BDF1-4ADC-8768-E04831541D71}"
EndProject
Project("{FAE04EC0-301F-11D3-BF4B-00C04F79EFBC}") = "Reports.UnitTests", "tests\Reports.UnitTests\Reports.UnitTests.csproj", "{887EDD60-A978-47E4-AB4F-CD360C927970}"
EndProject
Project("{FAE04EC0-301F-11D3-BF4B-00C04F79EFBC}") = "Reports.Modules.AzureDevOps", "src\Reports.Modules.AzureDevOps\Reports.Modules.AzureDevOps.csproj", "{61EC1B31-F6A7-4842-AF76-75856B6EAA25}"
EndProject
Global
	GlobalSection(SolutionProperties) = preSolution
		HideSolutionNode = FALSE
	EndGlobalSection
	GlobalSection(ExtensibilityGlobals) = postSolution
		SolutionGuid = {6481722F-A710-4EED-8115-7510210086FD}
	EndGlobalSection
	GlobalSection(NestedProjects) = preSolution
		{887EDD60-A978-47E4-AB4F-CD360C927970} = {F465757F-BDF1-4ADC-8768-E04831541D71}
		{61EC1B31-F6A7-4842-AF76-75856B6EAA25} = {E64E1DD0-3BF7-48BE-82A8-85C9E8B3DE33}
	EndGlobalSection
	GlobalSection(ProjectConfigurationPlatforms) = postSolution
		{61EC1B31-F6A7-4842-AF76-75856B6EAA25}.Debug|Any CPU.ActiveCfg = Debug|Any CPU
		{61EC1B31-F6A7-4842-AF76-75856B6EAA25}.Debug|Any CPU.Build.0 = Debug|Any CPU
		{61EC1B31-F6A7-4842-AF76-75856B6EAA25}.Release|Any CPU.ActiveCfg = Release|Any CPU
		{61EC1B31-F6A7-4842-AF76-75856B6EAA25}.Release|Any CPU.Build.0 = Release|Any CPU
		{887EDD60-A978-47E4-AB4F-CD360C927970}.Debug|Any CPU.ActiveCfg = Debug|Any CPU
		{887EDD60-A978-47E4-AB4F-CD360C927970}.Debug|Any CPU.Build.0 = Debug|Any CPU
		{887EDD60-A978-47E4-AB4F-CD360C927970}.Release|Any CPU.ActiveCfg = Release|Any CPU
		{887EDD60-A978-47E4-AB4F-CD360C927970}.Release|Any CPU.Build.0 = Release|Any CPU
	EndGlobalSection
	GlobalSection(SolutionConfigurationPlatforms) = preSolution
		Debug|Any CPU = Debug|Any CPU
		Release|Any CPU = Release|Any CPU
	EndGlobalSection
EndGlobal
